<?xml version="1.0" encoding="utf-8"?>
<Project ToolsVersion="4.0" xmlns="http://schemas.microsoft.com/developer/msbuild/2003">
  <ItemGroup>
    <Filter Include="源文件">
      <UniqueIdentifier>{4FC737F1-C7A5-4376-A066-2A32D752A2FF}</UniqueIdentifier>
      <Extensions>cpp;c;cc;cxx;def;odl;idl;hpj;bat;asm;asmx</Extensions>
    </Filter>
    <Filter Include="头文件">
      <UniqueIdentifier>{93995380-89BD-4b04-88EB-625FBE52EBFB}</UniqueIdentifier>
      <Extensions>h;hh;hpp;hxx;hm;inl;inc;xsd</Extensions>
    </Filter>
    <Filter Include="资源文件">
      <UniqueIdentifier>{67DA6AB6-F800-4c08-8B7A-83BB121AAD01}</UniqueIdentifier>
      <Extensions>rc;ico;cur;bmp;dlg;rc2;rct;bin;rgs;gif;jpg;jpeg;jpe;resx;tiff;tif;png;wav;mfcribbon-ms</Extensions>
    </Filter>
  </ItemGroup>
  <ItemGroup>
    <ClCompile Include="const_cast_func_overload.cpp">
      <Filter>源文件</Filter>
    </ClCompile>
    <ClCompile Include="default_arg.cpp">
      <Filter>源文件</Filter>
    </ClCompile>
    <ClCompile Include="func_as_param.cpp">
      <Filter>源文件</Filter>
    </ClCompile>
    <ClCompile Include="initializer_list_func.cpp">
      <Filter>源文件</Filter>
    </ClCompile>
    <ClCompile Include="local_static_var.cpp">
      <Filter>源文件</Filter>
    </ClCompile>
    <ClCompile Include="return_arr_func.cpp">
      <Filter>源文件</Filter>
    </ClCompile>
    <ClCompile Include="return_func_ptr_func.cpp">
      <Filter>源文件</Filter>
    </ClCompile>
    <ClCompile Include="test.cpp">
      <Filter>源文件</Filter>
    </ClCompile>
    <ClCompile Include="variables.cpp">
      <Filter>源文件</Filter>
    </ClCompile>
    <ClCompile Include="sort_unique.cpp">
      <Filter>源文件</Filter>
    </ClCompile>
    <ClCompile Include="lambda_for_each.cpp">
      <Filter>源文件</Filter>
    </ClCompile>
    <ClCompile Include="bind.cpp">
      <Filter>源文件</Filter>
    </ClCompile>
    <ClCompile Include="word_transfer.cpp">
      <Filter>源文件</Filter>
    </ClCompile>
  </ItemGroup>
  <ItemGroup>
    <ClInclude Include="global.h">
      <Filter>头文件</Filter>
    </ClInclude>
    <ClInclude Include="node.h">
      <Filter>头文件</Filter>
    </ClInclude>
    <ClInclude Include="Sales_data_struct.h">
      <Filter>头文件</Filter>
    </ClInclude>
    <ClInclude Include="Sales_data.h">
      <Filter>头文件</Filter>
    </ClInclude>
    <ClInclude Include="construct_paras_must_init.h">
      <Filter>头文件</Filter>
    </ClInclude>
    <ClInclude Include="Screen.h">
      <Filter>头文件</Filter>
    </ClInclude>
    <ClInclude Include="Window_mgr.h">
      <Filter>头文件</Filter>
    </ClInclude>
    <ClInclude Include="StrBlob.h">
      <Filter>头文件</Filter>
    </ClInclude>
    <ClInclude Include="TextQuery.h">
      <Filter>头文件</Filter>
    </ClInclude>
    <ClInclude Include="HasPtr.h">
      <Filter>头文件</Filter>
    </ClInclude>
    <ClInclude Include="NoCopy.h">
      <Filter>头文件</Filter>
    </ClInclude>
    <ClInclude Include="StrVec.h">
      <Filter>头文件</Filter>
    </ClInclude>
    <ClInclude Include="CallableClass.h">
      <Filter>头文件</Filter>
    </ClInclude>
    <ClInclude Include="conversion_operator.h">
      <Filter>头文件</Filter>
    </ClInclude>
    <ClInclude Include="Quote.h">
      <Filter>头文件</Filter>
    </ClInclude>
    <ClInclude Include="template_functions.h">
      <Filter>头文件</Filter>
    </ClInclude>
    <ClInclude Include="Blob.h">
      <Filter>头文件</Filter>
    </ClInclude>
  </ItemGroup>
</Project>