
Microsoft Visual Studio Solution File, Format Version 12.00
# Visual Studio 15
VisualStudioVersion = 15.0.27428.2037
MinimumVisualStudioVersion = 10.0.40219.1
Project("{8BC9CEB8-8B4A-11D0-8D11-00A0C91BC942}") = "Factory", "Factory\Factory.vcxproj", "{4F0BD55C-BA9C-439B-B494-053ED431A9F3}"
EndProject
Project("{8BC9CEB8-8B4A-11D0-8D11-00A0C91BC942}") = "AbstractFactory", "AbstractFactory\AbstractFactory.vcxproj", "{D017C0F9-5A07-4C3E-8926-B2ADE813B5DE}"
EndProject
Project("{8BC9CEB8-8B4A-11D0-8D11-00A0C91BC942}") = "Singleton", "Singleton\Singleton.vcxproj", "{58B7702C-5C77-436E-BC02-47AE6BC7124D}"
EndProject
Project("{8BC9CEB8-8B4A-11D0-8D11-00A0C91BC942}") = "Builder", "Builder\Builder.vcxproj", "{273A1223-EBD9-4786-AF1A-6CAED580FF61}"
EndProject
Project("{8BC9CEB8-8B4A-11D0-8D11-00A0C91BC942}") = "Prototype", "Prototype\Prototype.vcxproj", "{670F6C1E-2ED1-4A70-BD08-79F8AD8E738B}"
EndProject
Project("{8BC9CEB8-8B4A-11D0-8D11-00A0C91BC942}") = "Adapter", "Adapter\Adapter.vcxproj", "{68841EFA-7590-49BD-8E7B-4C2F8138E40E}"
EndProject
Project("{8BC9CEB8-8B4A-11D0-8D11-00A0C91BC942}") = "Proxy", "Proxy\Proxy.vcxproj", "{DC7EB21B-71BF-4EFD-A8DD-76E7C06A37CB}"
EndProject
Project("{8BC9CEB8-8B4A-11D0-8D11-00A0C91BC942}") = "Observer", "Observer\Observer.vcxproj", "{F23063F3-CDC3-46DA-A02C-32BE56204AB0}"
EndProject
Project("{8BC9CEB8-8B4A-11D0-8D11-00A0C91BC942}") = "Bridge", "Bridge\Bridge.vcxproj", "{B64717E5-C835-4437-B5F2-B71FE42E7570}"
EndProject
Project("{8BC9CEB8-8B4A-11D0-8D11-00A0C91BC942}") = "Filter", "Filter\Filter.vcxproj", "{1442D2A4-742E-4AD1-88C9-7516EA7AD46F}"
EndProject
Project("{8BC9CEB8-8B4A-11D0-8D11-00A0C91BC942}") = "Composite", "Composite\Composite.vcxproj", "{752255CE-53C6-4409-A35D-9E8569AAE8B2}"
EndProject
Project("{8BC9CEB8-8B4A-11D0-8D11-00A0C91BC942}") = "Decorator", "Decorator\Decorator.vcxproj", "{DFA4E432-7676-476F-90BF-1516861D3664}"
EndProject
Project("{8BC9CEB8-8B4A-11D0-8D11-00A0C91BC942}") = "Facade", "Facade\Facade.vcxproj", "{31F7A692-CF8E-4605-98F1-2EB5513D0573}"
EndProject
Project("{8BC9CEB8-8B4A-11D0-8D11-00A0C91BC942}") = "Flyweight", "Flyweight\Flyweight.vcxproj", "{5FFFFFE6-9679-4263-95C4-9D55FA18FC44}"
EndProject
Project("{8BC9CEB8-8B4A-11D0-8D11-00A0C91BC942}") = "Chain", "Chain\Chain.vcxproj", "{D049A08A-453F-49C9-98DB-167829DF73BF}"
EndProject
Project("{8BC9CEB8-8B4A-11D0-8D11-00A0C91BC942}") = "Command", "Command\Command.vcxproj", "{CA1519EA-350E-441A-94BC-C182E4AC268B}"
EndProject
Project("{8BC9CEB8-8B4A-11D0-8D11-00A0C91BC942}") = "Interpreter", "Interpreter\Interpreter.vcxproj", "{C2ABB471-05D7-4497-A5F5-663A43895B31}"
EndProject
Project("{8BC9CEB8-8B4A-11D0-8D11-00A0C91BC942}") = "Iterator", "Iterator\Iterator.vcxproj", "{EC187E4C-E0AB-4C3C-A24F-6D2D3C200CCA}"
EndProject
Project("{8BC9CEB8-8B4A-11D0-8D11-00A0C91BC942}") = "Mediator", "Mediator\Mediator.vcxproj", "{E6998B01-5368-482F-95EF-CD3870E177D8}"
EndProject
Project("{8BC9CEB8-8B4A-11D0-8D11-00A0C91BC942}") = "Memento", "Memento\Memento.vcxproj", "{ADE91779-B830-44C8-8BD5-5EC0115F7091}"
EndProject
Project("{8BC9CEB8-8B4A-11D0-8D11-00A0C91BC942}") = "State", "State\State.vcxproj", "{7340B0F1-289A-4022-B39F-520874E35AD8}"
EndProject
Project("{8BC9CEB8-8B4A-11D0-8D11-00A0C91BC942}") = "Null", "Null\Null.vcxproj", "{E3ECA0E0-AF40-4CC5-870A-DB4D5C32E85A}"
EndProject
Project("{8BC9CEB8-8B4A-11D0-8D11-00A0C91BC942}") = "Strategy", "Strategy\Strategy.vcxproj", "{B3A2F3FD-1CC5-4467-9F4D-8C61253EB5AA}"
EndProject
Project("{8BC9CEB8-8B4A-11D0-8D11-00A0C91BC942}") = "Template", "Template\Template.vcxproj", "{91E83DD1-557B-4D9C-AA92-572E75F5F65A}"
EndProject
Project("{8BC9CEB8-8B4A-11D0-8D11-00A0C91BC942}") = "Visitor", "Visitor\Visitor.vcxproj", "{A35D734F-8681-400E-AFE8-487ACD733240}"
EndProject
Project("{8BC9CEB8-8B4A-11D0-8D11-00A0C91BC942}") = "MVC", "MVC\MVC.vcxproj", "{C3CBF28D-5513-4B03-BD65-1DF3E6D8EA08}"
EndProject
Global
	GlobalSection(SolutionConfigurationPlatforms) = preSolution
		Debug|x64 = Debug|x64
		Debug|x86 = Debug|x86
		Release|x64 = Release|x64
		Release|x86 = Release|x86
	EndGlobalSection
	GlobalSection(ProjectConfigurationPlatforms) = postSolution
		{4F0BD55C-BA9C-439B-B494-053ED431A9F3}.Debug|x64.ActiveCfg = Debug|x64
		{4F0BD55C-BA9C-439B-B494-053ED431A9F3}.Debug|x64.Build.0 = Debug|x64
		{4F0BD55C-BA9C-439B-B494-053ED431A9F3}.Debug|x86.ActiveCfg = Debug|Win32
		{4F0BD55C-BA9C-439B-B494-053ED431A9F3}.Debug|x86.Build.0 = Debug|Win32
		{4F0BD55C-BA9C-439B-B494-053ED431A9F3}.Release|x64.ActiveCfg = Release|x64
		{4F0BD55C-BA9C-439B-B494-053ED431A9F3}.Release|x64.Build.0 = Release|x64
		{4F0BD55C-BA9C-439B-B494-053ED431A9F3}.Release|x86.ActiveCfg = Release|Win32
		{4F0BD55C-BA9C-439B-B494-053ED431A9F3}.Release|x86.Build.0 = Release|Win32
		{D017C0F9-5A07-4C3E-8926-B2ADE813B5DE}.Debug|x64.ActiveCfg = Debug|x64
		{D017C0F9-5A07-4C3E-8926-B2ADE813B5DE}.Debug|x64.Build.0 = Debug|x64
		{D017C0F9-5A07-4C3E-8926-B2ADE813B5DE}.Debug|x86.ActiveCfg = Debug|Win32
		{D017C0F9-5A07-4C3E-8926-B2ADE813B5DE}.Debug|x86.Build.0 = Debug|Win32
		{D017C0F9-5A07-4C3E-8926-B2ADE813B5DE}.Release|x64.ActiveCfg = Release|x64
		{D017C0F9-5A07-4C3E-8926-B2ADE813B5DE}.Release|x64.Build.0 = Release|x64
		{D017C0F9-5A07-4C3E-8926-B2ADE813B5DE}.Release|x86.ActiveCfg = Release|Win32
		{D017C0F9-5A07-4C3E-8926-B2ADE813B5DE}.Release|x86.Build.0 = Release|Win32
		{58B7702C-5C77-436E-BC02-47AE6BC7124D}.Debug|x64.ActiveCfg = Debug|x64
		{58B7702C-5C77-436E-BC02-47AE6BC7124D}.Debug|x64.Build.0 = Debug|x64
		{58B7702C-5C77-436E-BC02-47AE6BC7124D}.Debug|x86.ActiveCfg = Debug|Win32
		{58B7702C-5C77-436E-BC02-47AE6BC7124D}.Debug|x86.Build.0 = Debug|Win32
		{58B7702C-5C77-436E-BC02-47AE6BC7124D}.Release|x64.ActiveCfg = Release|x64
		{58B7702C-5C77-436E-BC02-47AE6BC7124D}.Release|x64.Build.0 = Release|x64
		{58B7702C-5C77-436E-BC02-47AE6BC7124D}.Release|x86.ActiveCfg = Release|Win32
		{58B7702C-5C77-436E-BC02-47AE6BC7124D}.Release|x86.Build.0 = Release|Win32
		{273A1223-EBD9-4786-AF1A-6CAED580FF61}.Debug|x64.ActiveCfg = Debug|x64
		{273A1223-EBD9-4786-AF1A-6CAED580FF61}.Debug|x64.Build.0 = Debug|x64
		{273A1223-EBD9-4786-AF1A-6CAED580FF61}.Debug|x86.ActiveCfg = Debug|Win32
		{273A1223-EBD9-4786-AF1A-6CAED580FF61}.Debug|x86.Build.0 = Debug|Win32
		{273A1223-EBD9-4786-AF1A-6CAED580FF61}.Release|x64.ActiveCfg = Release|x64
		{273A1223-EBD9-4786-AF1A-6CAED580FF61}.Release|x64.Build.0 = Release|x64
		{273A1223-EBD9-4786-AF1A-6CAED580FF61}.Release|x86.ActiveCfg = Release|Win32
		{273A1223-EBD9-4786-AF1A-6CAED580FF61}.Release|x86.Build.0 = Release|Win32
		{670F6C1E-2ED1-4A70-BD08-79F8AD8E738B}.Debug|x64.ActiveCfg = Debug|x64
		{670F6C1E-2ED1-4A70-BD08-79F8AD8E738B}.Debug|x64.Build.0 = Debug|x64
		{670F6C1E-2ED1-4A70-BD08-79F8AD8E738B}.Debug|x86.ActiveCfg = Debug|Win32
		{670F6C1E-2ED1-4A70-BD08-79F8AD8E738B}.Debug|x86.Build.0 = Debug|Win32
		{670F6C1E-2ED1-4A70-BD08-79F8AD8E738B}.Release|x64.ActiveCfg = Release|x64
		{670F6C1E-2ED1-4A70-BD08-79F8AD8E738B}.Release|x64.Build.0 = Release|x64
		{670F6C1E-2ED1-4A70-BD08-79F8AD8E738B}.Release|x86.ActiveCfg = Release|Win32
		{670F6C1E-2ED1-4A70-BD08-79F8AD8E738B}.Release|x86.Build.0 = Release|Win32
		{68841EFA-7590-49BD-8E7B-4C2F8138E40E}.Debug|x64.ActiveCfg = Debug|x64
		{68841EFA-7590-49BD-8E7B-4C2F8138E40E}.Debug|x64.Build.0 = Debug|x64
		{68841EFA-7590-49BD-8E7B-4C2F8138E40E}.Debug|x86.ActiveCfg = Debug|Win32
		{68841EFA-7590-49BD-8E7B-4C2F8138E40E}.Debug|x86.Build.0 = Debug|Win32
		{68841EFA-7590-49BD-8E7B-4C2F8138E40E}.Release|x64.ActiveCfg = Release|x64
		{68841EFA-7590-49BD-8E7B-4C2F8138E40E}.Release|x64.Build.0 = Release|x64
		{68841EFA-7590-49BD-8E7B-4C2F8138E40E}.Release|x86.ActiveCfg = Release|Win32
		{68841EFA-7590-49BD-8E7B-4C2F8138E40E}.Release|x86.Build.0 = Release|Win32
		{DC7EB21B-71BF-4EFD-A8DD-76E7C06A37CB}.Debug|x64.ActiveCfg = Debug|x64
		{DC7EB21B-71BF-4EFD-A8DD-76E7C06A37CB}.Debug|x64.Build.0 = Debug|x64
		{DC7EB21B-71BF-4EFD-A8DD-76E7C06A37CB}.Debug|x86.ActiveCfg = Debug|Win32
		{DC7EB21B-71BF-4EFD-A8DD-76E7C06A37CB}.Debug|x86.Build.0 = Debug|Win32
		{DC7EB21B-71BF-4EFD-A8DD-76E7C06A37CB}.Release|x64.ActiveCfg = Release|x64
		{DC7EB21B-71BF-4EFD-A8DD-76E7C06A37CB}.Release|x64.Build.0 = Release|x64
		{DC7EB21B-71BF-4EFD-A8DD-76E7C06A37CB}.Release|x86.ActiveCfg = Release|Win32
		{DC7EB21B-71BF-4EFD-A8DD-76E7C06A37CB}.Release|x86.Build.0 = Release|Win32
		{F23063F3-CDC3-46DA-A02C-32BE56204AB0}.Debug|x64.ActiveCfg = Debug|x64
		{F23063F3-CDC3-46DA-A02C-32BE56204AB0}.Debug|x64.Build.0 = Debug|x64
		{F23063F3-CDC3-46DA-A02C-32BE56204AB0}.Debug|x86.ActiveCfg = Debug|Win32
		{F23063F3-CDC3-46DA-A02C-32BE56204AB0}.Debug|x86.Build.0 = Debug|Win32
		{F23063F3-CDC3-46DA-A02C-32BE56204AB0}.Release|x64.ActiveCfg = Release|x64
		{F23063F3-CDC3-46DA-A02C-32BE56204AB0}.Release|x64.Build.0 = Release|x64
		{F23063F3-CDC3-46DA-A02C-32BE56204AB0}.Release|x86.ActiveCfg = Release|Win32
		{F23063F3-CDC3-46DA-A02C-32BE56204AB0}.Release|x86.Build.0 = Release|Win32
		{B64717E5-C835-4437-B5F2-B71FE42E7570}.Debug|x64.ActiveCfg = Debug|x64
		{B64717E5-C835-4437-B5F2-B71FE42E7570}.Debug|x64.Build.0 = Debug|x64
		{B64717E5-C835-4437-B5F2-B71FE42E7570}.Debug|x86.ActiveCfg = Debug|Win32
		{B64717E5-C835-4437-B5F2-B71FE42E7570}.Debug|x86.Build.0 = Debug|Win32
		{B64717E5-C835-4437-B5F2-B71FE42E7570}.Release|x64.ActiveCfg = Release|x64
		{B64717E5-C835-4437-B5F2-B71FE42E7570}.Release|x64.Build.0 = Release|x64
		{B64717E5-C835-4437-B5F2-B71FE42E7570}.Release|x86.ActiveCfg = Release|Win32
		{B64717E5-C835-4437-B5F2-B71FE42E7570}.Release|x86.Build.0 = Release|Win32
		{1442D2A4-742E-4AD1-88C9-7516EA7AD46F}.Debug|x64.ActiveCfg = Debug|x64
		{1442D2A4-742E-4AD1-88C9-7516EA7AD46F}.Debug|x64.Build.0 = Debug|x64
		{1442D2A4-742E-4AD1-88C9-7516EA7AD46F}.Debug|x86.ActiveCfg = Debug|Win32
		{1442D2A4-742E-4AD1-88C9-7516EA7AD46F}.Debug|x86.Build.0 = Debug|Win32
		{1442D2A4-742E-4AD1-88C9-7516EA7AD46F}.Release|x64.ActiveCfg = Release|x64
		{1442D2A4-742E-4AD1-88C9-7516EA7AD46F}.Release|x64.Build.0 = Release|x64
		{1442D2A4-742E-4AD1-88C9-7516EA7AD46F}.Release|x86.ActiveCfg = Release|Win32
		{1442D2A4-742E-4AD1-88C9-7516EA7AD46F}.Release|x86.Build.0 = Release|Win32
		{752255CE-53C6-4409-A35D-9E8569AAE8B2}.Debug|x64.ActiveCfg = Debug|x64
		{752255CE-53C6-4409-A35D-9E8569AAE8B2}.Debug|x64.Build.0 = Debug|x64
		{752255CE-53C6-4409-A35D-9E8569AAE8B2}.Debug|x86.ActiveCfg = Debug|Win32
		{752255CE-53C6-4409-A35D-9E8569AAE8B2}.Debug|x86.Build.0 = Debug|Win32
		{752255CE-53C6-4409-A35D-9E8569AAE8B2}.Release|x64.ActiveCfg = Release|x64
		{752255CE-53C6-4409-A35D-9E8569AAE8B2}.Release|x64.Build.0 = Release|x64
		{752255CE-53C6-4409-A35D-9E8569AAE8B2}.Release|x86.ActiveCfg = Release|Win32
		{752255CE-53C6-4409-A35D-9E8569AAE8B2}.Release|x86.Build.0 = Release|Win32
		{DFA4E432-7676-476F-90BF-1516861D3664}.Debug|x64.ActiveCfg = Debug|x64
		{DFA4E432-7676-476F-90BF-1516861D3664}.Debug|x64.Build.0 = Debug|x64
		{DFA4E432-7676-476F-90BF-1516861D3664}.Debug|x86.ActiveCfg = Debug|Win32
		{DFA4E432-7676-476F-90BF-1516861D3664}.Debug|x86.Build.0 = Debug|Win32
		{DFA4E432-7676-476F-90BF-1516861D3664}.Release|x64.ActiveCfg = Release|x64
		{DFA4E432-7676-476F-90BF-1516861D3664}.Release|x64.Build.0 = Release|x64
		{DFA4E432-7676-476F-90BF-1516861D3664}.Release|x86.ActiveCfg = Release|Win32
		{DFA4E432-7676-476F-90BF-1516861D3664}.Release|x86.Build.0 = Release|Win32
		{31F7A692-CF8E-4605-98F1-2EB5513D0573}.Debug|x64.ActiveCfg = Debug|x64
		{31F7A692-CF8E-4605-98F1-2EB5513D0573}.Debug|x64.Build.0 = Debug|x64
		{31F7A692-CF8E-4605-98F1-2EB5513D0573}.Debug|x86.ActiveCfg = Debug|Win32
		{31F7A692-CF8E-4605-98F1-2EB5513D0573}.Debug|x86.Build.0 = Debug|Win32
		{31F7A692-CF8E-4605-98F1-2EB5513D0573}.Release|x64.ActiveCfg = Release|x64
		{31F7A692-CF8E-4605-98F1-2EB5513D0573}.Release|x64.Build.0 = Release|x64
		{31F7A692-CF8E-4605-98F1-2EB5513D0573}.Release|x86.ActiveCfg = Release|Win32
		{31F7A692-CF8E-4605-98F1-2EB5513D0573}.Release|x86.Build.0 = Release|Win32
		{5FFFFFE6-9679-4263-95C4-9D55FA18FC44}.Debug|x64.ActiveCfg = Debug|x64
		{5FFFFFE6-9679-4263-95C4-9D55FA18FC44}.Debug|x64.Build.0 = Debug|x64
		{5FFFFFE6-9679-4263-95C4-9D55FA18FC44}.Debug|x86.ActiveCfg = Debug|Win32
		{5FFFFFE6-9679-4263-95C4-9D55FA18FC44}.Debug|x86.Build.0 = Debug|Win32
		{5FFFFFE6-9679-4263-95C4-9D55FA18FC44}.Release|x64.ActiveCfg = Release|x64
		{5FFFFFE6-9679-4263-95C4-9D55FA18FC44}.Release|x64.Build.0 = Release|x64
		{5FFFFFE6-9679-4263-95C4-9D55FA18FC44}.Release|x86.ActiveCfg = Release|Win32
		{5FFFFFE6-9679-4263-95C4-9D55FA18FC44}.Release|x86.Build.0 = Release|Win32
		{D049A08A-453F-49C9-98DB-167829DF73BF}.Debug|x64.ActiveCfg = Debug|x64
		{D049A08A-453F-49C9-98DB-167829DF73BF}.Debug|x64.Build.0 = Debug|x64
		{D049A08A-453F-49C9-98DB-167829DF73BF}.Debug|x86.ActiveCfg = Debug|Win32
		{D049A08A-453F-49C9-98DB-167829DF73BF}.Debug|x86.Build.0 = Debug|Win32
		{D049A08A-453F-49C9-98DB-167829DF73BF}.Release|x64.ActiveCfg = Release|x64
		{D049A08A-453F-49C9-98DB-167829DF73BF}.Release|x64.Build.0 = Release|x64
		{D049A08A-453F-49C9-98DB-167829DF73BF}.Release|x86.ActiveCfg = Release|Win32
		{D049A08A-453F-49C9-98DB-167829DF73BF}.Release|x86.Build.0 = Release|Win32
		{CA1519EA-350E-441A-94BC-C182E4AC268B}.Debug|x64.ActiveCfg = Debug|x64
		{CA1519EA-350E-441A-94BC-C182E4AC268B}.Debug|x64.Build.0 = Debug|x64
		{CA1519EA-350E-441A-94BC-C182E4AC268B}.Debug|x86.ActiveCfg = Debug|Win32
		{CA1519EA-350E-441A-94BC-C182E4AC268B}.Debug|x86.Build.0 = Debug|Win32
		{CA1519EA-350E-441A-94BC-C182E4AC268B}.Release|x64.ActiveCfg = Release|x64
		{CA1519EA-350E-441A-94BC-C182E4AC268B}.Release|x64.Build.0 = Release|x64
		{CA1519EA-350E-441A-94BC-C182E4AC268B}.Release|x86.ActiveCfg = Release|Win32
		{CA1519EA-350E-441A-94BC-C182E4AC268B}.Release|x86.Build.0 = Release|Win32
		{C2ABB471-05D7-4497-A5F5-663A43895B31}.Debug|x64.ActiveCfg = Debug|x64
		{C2ABB471-05D7-4497-A5F5-663A43895B31}.Debug|x64.Build.0 = Debug|x64
		{C2ABB471-05D7-4497-A5F5-663A43895B31}.Debug|x86.ActiveCfg = Debug|Win32
		{C2ABB471-05D7-4497-A5F5-663A43895B31}.Debug|x86.Build.0 = Debug|Win32
		{C2ABB471-05D7-4497-A5F5-663A43895B31}.Release|x64.ActiveCfg = Release|x64
		{C2ABB471-05D7-4497-A5F5-663A43895B31}.Release|x64.Build.0 = Release|x64
		{C2ABB471-05D7-4497-A5F5-663A43895B31}.Release|x86.ActiveCfg = Release|Win32
		{C2ABB471-05D7-4497-A5F5-663A43895B31}.Release|x86.Build.0 = Release|Win32
		{EC187E4C-E0AB-4C3C-A24F-6D2D3C200CCA}.Debug|x64.ActiveCfg = Debug|x64
		{EC187E4C-E0AB-4C3C-A24F-6D2D3C200CCA}.Debug|x64.Build.0 = Debug|x64
		{EC187E4C-E0AB-4C3C-A24F-6D2D3C200CCA}.Debug|x86.ActiveCfg = Debug|Win32
		{EC187E4C-E0AB-4C3C-A24F-6D2D3C200CCA}.Debug|x86.Build.0 = Debug|Win32
		{EC187E4C-E0AB-4C3C-A24F-6D2D3C200CCA}.Release|x64.ActiveCfg = Release|x64
		{EC187E4C-E0AB-4C3C-A24F-6D2D3C200CCA}.Release|x64.Build.0 = Release|x64
		{EC187E4C-E0AB-4C3C-A24F-6D2D3C200CCA}.Release|x86.ActiveCfg = Release|Win32
		{EC187E4C-E0AB-4C3C-A24F-6D2D3C200CCA}.Release|x86.Build.0 = Release|Win32
		{E6998B01-5368-482F-95EF-CD3870E177D8}.Debug|x64.ActiveCfg = Debug|x64
		{E6998B01-5368-482F-95EF-CD3870E177D8}.Debug|x64.Build.0 = Debug|x64
		{E6998B01-5368-482F-95EF-CD3870E177D8}.Debug|x86.ActiveCfg = Debug|Win32
		{E6998B01-5368-482F-95EF-CD3870E177D8}.Debug|x86.Build.0 = Debug|Win32
		{E6998B01-5368-482F-95EF-CD3870E177D8}.Release|x64.ActiveCfg = Release|x64
		{E6998B01-5368-482F-95EF-CD3870E177D8}.Release|x64.Build.0 = Release|x64
		{E6998B01-5368-482F-95EF-CD3870E177D8}.Release|x86.ActiveCfg = Release|Win32
		{E6998B01-5368-482F-95EF-CD3870E177D8}.Release|x86.Build.0 = Release|Win32
		{ADE91779-B830-44C8-8BD5-5EC0115F7091}.Debug|x64.ActiveCfg = Debug|x64
		{ADE91779-B830-44C8-8BD5-5EC0115F7091}.Debug|x64.Build.0 = Debug|x64
		{ADE91779-B830-44C8-8BD5-5EC0115F7091}.Debug|x86.ActiveCfg = Debug|Win32
		{ADE91779-B830-44C8-8BD5-5EC0115F7091}.Debug|x86.Build.0 = Debug|Win32
		{ADE91779-B830-44C8-8BD5-5EC0115F7091}.Release|x64.ActiveCfg = Release|x64
		{ADE91779-B830-44C8-8BD5-5EC0115F7091}.Release|x64.Build.0 = Release|x64
		{ADE91779-B830-44C8-8BD5-5EC0115F7091}.Release|x86.ActiveCfg = Release|Win32
		{ADE91779-B830-44C8-8BD5-5EC0115F7091}.Release|x86.Build.0 = Release|Win32
		{7340B0F1-289A-4022-B39F-520874E35AD8}.Debug|x64.ActiveCfg = Debug|x64
		{7340B0F1-289A-4022-B39F-520874E35AD8}.Debug|x64.Build.0 = Debug|x64
		{7340B0F1-289A-4022-B39F-520874E35AD8}.Debug|x86.ActiveCfg = Debug|Win32
		{7340B0F1-289A-4022-B39F-520874E35AD8}.Debug|x86.Build.0 = Debug|Win32
		{7340B0F1-289A-4022-B39F-520874E35AD8}.Release|x64.ActiveCfg = Release|x64
		{7340B0F1-289A-4022-B39F-520874E35AD8}.Release|x64.Build.0 = Release|x64
		{7340B0F1-289A-4022-B39F-520874E35AD8}.Release|x86.ActiveCfg = Release|Win32
		{7340B0F1-289A-4022-B39F-520874E35AD8}.Release|x86.Build.0 = Release|Win32
		{E3ECA0E0-AF40-4CC5-870A-DB4D5C32E85A}.Debug|x64.ActiveCfg = Debug|x64
		{E3ECA0E0-AF40-4CC5-870A-DB4D5C32E85A}.Debug|x64.Build.0 = Debug|x64
		{E3ECA0E0-AF40-4CC5-870A-DB4D5C32E85A}.Debug|x86.ActiveCfg = Debug|Win32
		{E3ECA0E0-AF40-4CC5-870A-DB4D5C32E85A}.Debug|x86.Build.0 = Debug|Win32
		{E3ECA0E0-AF40-4CC5-870A-DB4D5C32E85A}.Release|x64.ActiveCfg = Release|x64
		{E3ECA0E0-AF40-4CC5-870A-DB4D5C32E85A}.Release|x64.Build.0 = Release|x64
		{E3ECA0E0-AF40-4CC5-870A-DB4D5C32E85A}.Release|x86.ActiveCfg = Release|Win32
		{E3ECA0E0-AF40-4CC5-870A-DB4D5C32E85A}.Release|x86.Build.0 = Release|Win32
		{B3A2F3FD-1CC5-4467-9F4D-8C61253EB5AA}.Debug|x64.ActiveCfg = Debug|x64
		{B3A2F3FD-1CC5-4467-9F4D-8C61253EB5AA}.Debug|x64.Build.0 = Debug|x64
		{B3A2F3FD-1CC5-4467-9F4D-8C61253EB5AA}.Debug|x86.ActiveCfg = Debug|Win32
		{B3A2F3FD-1CC5-4467-9F4D-8C61253EB5AA}.Debug|x86.Build.0 = Debug|Win32
		{B3A2F3FD-1CC5-4467-9F4D-8C61253EB5AA}.Release|x64.ActiveCfg = Release|x64
		{B3A2F3FD-1CC5-4467-9F4D-8C61253EB5AA}.Release|x64.Build.0 = Release|x64
		{B3A2F3FD-1CC5-4467-9F4D-8C61253EB5AA}.Release|x86.ActiveCfg = Release|Win32
		{B3A2F3FD-1CC5-4467-9F4D-8C61253EB5AA}.Release|x86.Build.0 = Release|Win32
		{91E83DD1-557B-4D9C-AA92-572E75F5F65A}.Debug|x64.ActiveCfg = Debug|x64
		{91E83DD1-557B-4D9C-AA92-572E75F5F65A}.Debug|x64.Build.0 = Debug|x64
		{91E83DD1-557B-4D9C-AA92-572E75F5F65A}.Debug|x86.ActiveCfg = Debug|Win32
		{91E83DD1-557B-4D9C-AA92-572E75F5F65A}.Debug|x86.Build.0 = Debug|Win32
		{91E83DD1-557B-4D9C-AA92-572E75F5F65A}.Release|x64.ActiveCfg = Release|x64
		{91E83DD1-557B-4D9C-AA92-572E75F5F65A}.Release|x64.Build.0 = Release|x64
		{91E83DD1-557B-4D9C-AA92-572E75F5F65A}.Release|x86.ActiveCfg = Release|Win32
		{91E83DD1-557B-4D9C-AA92-572E75F5F65A}.Release|x86.Build.0 = Release|Win32
		{A35D734F-8681-400E-AFE8-487ACD733240}.Debug|x64.ActiveCfg = Debug|x64
		{A35D734F-8681-400E-AFE8-487ACD733240}.Debug|x64.Build.0 = Debug|x64
		{A35D734F-8681-400E-AFE8-487ACD733240}.Debug|x86.ActiveCfg = Debug|Win32
		{A35D734F-8681-400E-AFE8-487ACD733240}.Debug|x86.Build.0 = Debug|Win32
		{A35D734F-8681-400E-AFE8-487ACD733240}.Release|x64.ActiveCfg = Release|x64
		{A35D734F-8681-400E-AFE8-487ACD733240}.Release|x64.Build.0 = Release|x64
		{A35D734F-8681-400E-AFE8-487ACD733240}.Release|x86.ActiveCfg = Release|Win32
		{A35D734F-8681-400E-AFE8-487ACD733240}.Release|x86.Build.0 = Release|Win32
		{C3CBF28D-5513-4B03-BD65-1DF3E6D8EA08}.Debug|x64.ActiveCfg = Debug|x64
		{C3CBF28D-5513-4B03-BD65-1DF3E6D8EA08}.Debug|x64.Build.0 = Debug|x64
		{C3CBF28D-5513-4B03-BD65-1DF3E6D8EA08}.Debug|x86.ActiveCfg = Debug|Win32
		{C3CBF28D-5513-4B03-BD65-1DF3E6D8EA08}.Debug|x86.Build.0 = Debug|Win32
		{C3CBF28D-5513-4B03-BD65-1DF3E6D8EA08}.Release|x64.ActiveCfg = Release|x64
		{C3CBF28D-5513-4B03-BD65-1DF3E6D8EA08}.Release|x64.Build.0 = Release|x64
		{C3CBF28D-5513-4B03-BD65-1DF3E6D8EA08}.Release|x86.ActiveCfg = Release|Win32
		{C3CBF28D-5513-4B03-BD65-1DF3E6D8EA08}.Release|x86.Build.0 = Release|Win32
	EndGlobalSection
	GlobalSection(SolutionProperties) = preSolution
		HideSolutionNode = FALSE
	EndGlobalSection
	GlobalSection(ExtensibilityGlobals) = postSolution
		SolutionGuid = {35F555F8-666F-4314-ACC4-6BE9F42FF02A}
	EndGlobalSection
EndGlobal
